{
  "name": "cloud-pc-templates",
  "version": "6.1.9",
  "lockfileVersion": 3,
  "requires": true,
  "packages": {
    "": {
      "name": "cloud-pc-templates",
      "version": "6.1.9",
      "license": "ISC",
      "dependencies": {
        "cloud-pc-templates-marketplace": "^1.0.0",
        "cloud-pc-templates-sdk": "^1.1.1"
      },
      "bin": {
        "cloud-pc-templates": "index.js"
      }
    },
    "node_modules/cloud-pc-templates-marketplace": {
      "version": "1.0.0",
      "resolved": "https://registry.npmjs.org/cloud-pc-templates-marketplace/-/cloud-pc-templates-marketplace-1.0.0.tgz",
      "integrity": "sha512-GOVYlkgpZQKqlXOgMz4tAF5FGuyhZM7cNhosq993TFQsL3BgJ5jWnJRSvU75O9e3QM+PCZpPDUjuzBUuEP73mw==",
      "license": "ISC"
    },
    "node_modules/cloud-pc-templates-sdk": {
      "version": "1.1.1",
      "resolved": "https://registry.npmjs.org/cloud-pc-templates-sdk/-/cloud-pc-templates-sdk-1.1.1.tgz",
      "integrity": "sha512-sZ5GlokTb9P4ssz2thPtFFaikedcjvd/MLx0cHvmcz5jgOB3+NLrbOIl4B1uzOP6aZFg6XuVxTqRn0VHviaRXg==",
      "license": "ISC"
    }
  }
}
