{
  "name": "cloud-pc-templates",
  "version": "6.0.2",
  "lockfileVersion": 3,
  "requires": true,
  "packages": {
    "": {
      "name": "cloud-pc-templates",
      "version": "6.0.2",
      "license": "ISC",
      "dependencies": {
        "cloud-pc-templates-marketplace": "^1.0.0"
      },
      "bin": {
        "cloud-pc-templates": "index.js"
      }
    },
    "node_modules/cloud-pc-templates-marketplace": {
      "version": "1.0.0",
      "resolved": "https://registry.npmjs.org/cloud-pc-templates-marketplace/-/cloud-pc-templates-marketplace-1.0.0.tgz",
      "integrity": "sha512-GOVYlkgpZQKqlXOgMz4tAF5FGuyhZM7cNhosq993TFQsL3BgJ5jWnJRSvU75O9e3QM+PCZpPDUjuzBUuEP73mw==",
      "license": "ISC"
    }
  }
}
