{
  "name": "cloud-pc-templates",
  "version": "7.3.0",
  "lockfileVersion": 3,
  "requires": true,
  "packages": {
    "": {
      "name": "cloud-pc-templates",
      "version": "7.3.0",
      "license": "ISC",
      "dependencies": {
        "cloud-pc-templates-marketplace": "^1.2.1",
        "cloud-pc-templates-sdk": "^3.5.8"
      },
      "bin": {
        "cloud-pc-templates": "index.js"
      }
    },
    "node_modules/cloud-pc-templates-marketplace": {
      "version": "1.2.1",
      "resolved": "https://registry.npmjs.org/cloud-pc-templates-marketplace/-/cloud-pc-templates-marketplace-1.2.1.tgz",
      "integrity": "sha512-TQzMqQuN7zrLAO7f5ebI2R63QB9ZlHaSuj15cxvsPgNHeRrsayew8gY3LgKuVd8Ku2y9F1qXBvoHlknNcdHDUA==",
      "license": "ISC"
    },
    "node_modules/cloud-pc-templates-sdk": {
      "version": "3.5.8",
      "resolved": "https://registry.npmjs.org/cloud-pc-templates-sdk/-/cloud-pc-templates-sdk-3.5.8.tgz",
      "integrity": "sha512-kwqn5lomA2gzdIWlRiDu9+DnScWR8uQnJneNOZoweRafUtjAG9EHIBAzKAvjp0rt93wLUm91cgwY5ufnxh3JyQ==",
      "license": "ISC",
      "dependencies": {
        "jsonrepair": "^3.15.0"
      }
    },
    "node_modules/jsonrepair": {
      "version": "3.15.0",
      "resolved": "https://registry.npmjs.org/jsonrepair/-/jsonrepair-3.15.0.tgz",
      "integrity": "sha512-wy8OTjwsJwQRnQJkKnMJJ9vcytRdBPAgIF/Hy6+s1dAj42BHMKiyL8JzEieIl3JY7idt8eyHwBWTO8mh/+mtwA==",
      "license": "ISC",
      "bin": {
        "jsonrepair": "bin/cli.js"
      }
    }
  }
}
